
Microsoft Visual Studio Solution File, Format Version 12.00
# Visual Studio Version 17
VisualStudioVersion = 17.2.32516.85
MinimumVisualStudioVersion = 10.0.40219.1
Project("{9A19103F-16F7-4668-BE54-9A1E7A4F7556}") = "xoxoxo", "xoxoxo.csproj", "{F37F78DE-FD42-4A2E-AD6F-3A598C59BB31}"
EndProject
Project("{9A19103F-16F7-4668-BE54-9A1E7A4F7556}") = "base", "..\..\..\..\..\..\Program Files (x86)\Steam\steamapps\common\sbox\addons\base\code\base.csproj", "{95AEC045-37E6-4317-AD58-6784CA8D07D4}"
EndProject
Global
	GlobalSection(SolutionConfigurationPlatforms) = preSolution
		Debug|Any CPU = Debug|Any CPU
		Release|Any CPU = Release|Any CPU
	EndGlobalSection
	GlobalSection(ProjectConfigurationPlatforms) = postSolution
		{F37F78DE-FD42-4A2E-AD6F-3A598C59BB31}.Debug|Any CPU.ActiveCfg = Debug|Any CPU
		{F37F78DE-FD42-4A2E-AD6F-3A598C59BB31}.Debug|Any CPU.Build.0 = Debug|Any CPU
		{F37F78DE-FD42-4A2E-AD6F-3A598C59BB31}.Release|Any CPU.ActiveCfg = Release|Any CPU
		{F37F78DE-FD42-4A2E-AD6F-3A598C59BB31}.Release|Any CPU.Build.0 = Release|Any CPU
		{95AEC045-37E6-4317-AD58-6784CA8D07D4}.Debug|Any CPU.ActiveCfg = Debug|Any CPU
		{95AEC045-37E6-4317-AD58-6784CA8D07D4}.Debug|Any CPU.Build.0 = Debug|Any CPU
		{95AEC045-37E6-4317-AD58-6784CA8D07D4}.Release|Any CPU.ActiveCfg = Release|Any CPU
		{95AEC045-37E6-4317-AD58-6784CA8D07D4}.Release|Any CPU.Build.0 = Release|Any CPU
	EndGlobalSection
	GlobalSection(SolutionProperties) = preSolution
		HideSolutionNode = FALSE
	EndGlobalSection
	GlobalSection(ExtensibilityGlobals) = postSolution
		SolutionGuid = {FC16B5DB-DBC5-4C0D-88A3-8D4D4D72E3FE}
	EndGlobalSection
EndGlobal
